
Microsoft Visual Studio Solution File, Format Version 12.00
# Visual Studio Version 16
VisualStudioVersion = 16.0.30804.86
MinimumVisualStudioVersion = 10.0.40219.1
Project("{FAE04EC0-301F-11D3-BF4B-00C04F79EFBC}") = "Vedio_Rentel", "Vedio_Rentel.csproj", "{E1F1C1C2-4222-48E4-BF87-056B70EBC738}"
EndProject
Project("{FAE04EC0-301F-11D3-BF4B-00C04F79EFBC}") = "UnitTest", "..\UnitTest\UnitTest.csproj", "{6E9EB883-162B-440B-9EC9-7E7E216AB05D}"
EndProject
Global
	GlobalSection(SolutionConfigurationPlatforms) = preSolution
		Debug|Any CPU = Debug|Any CPU
		Release|Any CPU = Release|Any CPU
	EndGlobalSection
	GlobalSection(ProjectConfigurationPlatforms) = postSolution
		{E1F1C1C2-4222-48E4-BF87-056B70EBC738}.Debug|Any CPU.ActiveCfg = Debug|Any CPU
		{E1F1C1C2-4222-48E4-BF87-056B70EBC738}.Debug|Any CPU.Build.0 = Debug|Any CPU
		{E1F1C1C2-4222-48E4-BF87-056B70EBC738}.Release|Any CPU.ActiveCfg = Release|Any CPU
		{E1F1C1C2-4222-48E4-BF87-056B70EBC738}.Release|Any CPU.Build.0 = Release|Any CPU
		{6E9EB883-162B-440B-9EC9-7E7E216AB05D}.Debug|Any CPU.ActiveCfg = Debug|Any CPU
		{6E9EB883-162B-440B-9EC9-7E7E216AB05D}.Debug|Any CPU.Build.0 = Debug|Any CPU
		{6E9EB883-162B-440B-9EC9-7E7E216AB05D}.Release|Any CPU.ActiveCfg = Release|Any CPU
		{6E9EB883-162B-440B-9EC9-7E7E216AB05D}.Release|Any CPU.Build.0 = Release|Any CPU
	EndGlobalSection
	GlobalSection(SolutionProperties) = preSolution
		HideSolutionNode = FALSE
	EndGlobalSection
	GlobalSection(ExtensibilityGlobals) = postSolution
		SolutionGuid = {D7ED6D3F-E794-44E1-8E2D-A4AA2D83D1ED}
	EndGlobalSection
EndGlobal
